// !$*UTF8*$!
{
	archiveVersion = 1;
	classes = {
	};
	objectVersion = 56;
	objects = {

/* Begin PBXBuildFile section */
		640280C129F654F600B5451F /* TabBar.swift in Sources */ = {isa = PBXBuildFile; fileRef = 640280C029F654F600B5451F /* TabBar.swift */; };
		640280C429F6575500B5451F /* SearchingPage.swift in Sources */ = {isa = PBXBuildFile; fileRef = 640280C329F6575500B5451F /* SearchingPage.swift */; };
		640280C629F65C6200B5451F /* NewPublications.swift in Sources */ = {isa = PBXBuildFile; fileRef = 640280C529F65C6200B5451F /* NewPublications.swift */; };
		640280C929F663F900B5451F /* Cities.swift in Sources */ = {isa = PBXBuildFile; fileRef = 640280C829F663F900B5451F /* Cities.swift */; };
		640280CB29F6714900B5451F /* ChooseCityPage.swift in Sources */ = {isa = PBXBuildFile; fileRef = 640280CA29F6714900B5451F /* ChooseCityPage.swift */; };
		640280D129F6E6E400B5451F /* Portfolio.swift in Sources */ = {isa = PBXBuildFile; fileRef = 640280D029F6E6E400B5451F /* Portfolio.swift */; };
		640280D329F6E77400B5451F /* References.swift in Sources */ = {isa = PBXBuildFile; fileRef = 640280D229F6E77300B5451F /* References.swift */; };
		640280D529F6E8DF00B5451F /* PhotosGridView.swift in Sources */ = {isa = PBXBuildFile; fileRef = 640280D429F6E8DF00B5451F /* PhotosGridView.swift */; };
		640280D729F80C9100B5451F /* PhotoSlider.swift in Sources */ = {isa = PBXBuildFile; fileRef = 640280D629F80C9100B5451F /* PhotoSlider.swift */; };
		640280D929F8228400B5451F /* CreatorsList.swift in Sources */ = {isa = PBXBuildFile; fileRef = 640280D829F8228400B5451F /* CreatorsList.swift */; };
		640280DB29F82D9100B5451F /* ChooseCreatorPage.swift in Sources */ = {isa = PBXBuildFile; fileRef = 640280DA29F82D9100B5451F /* ChooseCreatorPage.swift */; };
		6427CD4429F0164E007294EC /* TFP_userPageApp.swift in Sources */ = {isa = PBXBuildFile; fileRef = 6427CD4329F0164E007294EC /* TFP_userPageApp.swift */; };
		6427CD4629F0164E007294EC /* UserPage.swift in Sources */ = {isa = PBXBuildFile; fileRef = 6427CD4529F0164E007294EC /* UserPage.swift */; };
		6427CD4829F0164F007294EC /* Assets.xcassets in Resources */ = {isa = PBXBuildFile; fileRef = 6427CD4729F0164F007294EC /* Assets.xcassets */; };
		6427CD4B29F0164F007294EC /* Preview Assets.xcassets in Resources */ = {isa = PBXBuildFile; fileRef = 6427CD4A29F0164F007294EC /* Preview Assets.xcassets */; };
		64AA391329FA88D400A6FE69 /* SettingsView.swift in Sources */ = {isa = PBXBuildFile; fileRef = 64AA391229FA88D400A6FE69 /* SettingsView.swift */; };
		64AA391529FABCCA00A6FE69 /* UserDefaultsKeys.swift in Sources */ = {isa = PBXBuildFile; fileRef = 64AA391429FABCCA00A6FE69 /* UserDefaultsKeys.swift */; };
/* End PBXBuildFile section */

/* Begin PBXFileReference section */
		640280C029F654F600B5451F /* TabBar.swift */ = {isa = PBXFileReference; lastKnownFileType = sourcecode.swift; path = TabBar.swift; sourceTree = "<group>"; };
		640280C329F6575500B5451F /* SearchingPage.swift */ = {isa = PBXFileReference; lastKnownFileType = sourcecode.swift; path = SearchingPage.swift; sourceTree = "<group>"; };
		640280C529F65C6200B5451F /* NewPublications.swift */ = {isa = PBXFileReference; lastKnownFileType = sourcecode.swift; path = NewPublications.swift; sourceTree = "<group>"; };
		640280C829F663F900B5451F /* Cities.swift */ = {isa = PBXFileReference; lastKnownFileType = sourcecode.swift; path = Cities.swift; sourceTree = "<group>"; };
		640280CA29F6714900B5451F /* ChooseCityPage.swift */ = {isa = PBXFileReference; lastKnownFileType = sourcecode.swift; path = ChooseCityPage.swift; sourceTree = "<group>"; };
		640280D029F6E6E400B5451F /* Portfolio.swift */ = {isa = PBXFileReference; lastKnownFileType = sourcecode.swift; path = Portfolio.swift; sourceTree = "<group>"; };
		640280D229F6E77300B5451F /* References.swift */ = {isa = PBXFileReference; lastKnownFileType = sourcecode.swift; path = References.swift; sourceTree = "<group>"; };
		640280D429F6E8DF00B5451F /* PhotosGridView.swift */ = {isa = PBXFileReference; lastKnownFileType = sourcecode.swift; path = PhotosGridView.swift; sourceTree = "<group>"; };
		640280D629F80C9100B5451F /* PhotoSlider.swift */ = {isa = PBXFileReference; lastKnownFileType = sourcecode.swift; path = PhotoSlider.swift; sourceTree = "<group>"; };
		640280D829F8228400B5451F /* CreatorsList.swift */ = {isa = PBXFileReference; lastKnownFileType = sourcecode.swift; path = CreatorsList.swift; sourceTree = "<group>"; };
		640280DA29F82D9100B5451F /* ChooseCreatorPage.swift */ = {isa = PBXFileReference; lastKnownFileType = sourcecode.swift; path = ChooseCreatorPage.swift; sourceTree = "<group>"; };
		6427CD4029F0164D007294EC /* TFP userPage.app */ = {isa = PBXFileReference; explicitFileType = wrapper.application; includeInIndex = 0; path = "TFP userPage.app"; sourceTree = BUILT_PRODUCTS_DIR; };
		6427CD4329F0164E007294EC /* TFP_userPageApp.swift */ = {isa = PBXFileReference; lastKnownFileType = sourcecode.swift; path = TFP_userPageApp.swift; sourceTree = "<group>"; };
		6427CD4529F0164E007294EC /* UserPage.swift */ = {isa = PBXFileReference; lastKnownFileType = sourcecode.swift; path = UserPage.swift; sourceTree = "<group>"; };
		6427CD4729F0164F007294EC /* Assets.xcassets */ = {isa = PBXFileReference; lastKnownFileType = folder.assetcatalog; path = Assets.xcassets; sourceTree = "<group>"; };
		6427CD4A29F0164F007294EC /* Preview Assets.xcassets */ = {isa = PBXFileReference; lastKnownFileType = folder.assetcatalog; path = "Preview Assets.xcassets"; sourceTree = "<group>"; };
		64AA391229FA88D400A6FE69 /* SettingsView.swift */ = {isa = PBXFileReference; lastKnownFileType = sourcecode.swift; path = SettingsView.swift; sourceTree = "<group>"; };
		64AA391429FABCCA00A6FE69 /* UserDefaultsKeys.swift */ = {isa = PBXFileReference; lastKnownFileType = sourcecode.swift; path = UserDefaultsKeys.swift; sourceTree = "<group>"; };
/* End PBXFileReference section */

/* Begin PBXFrameworksBuildPhase section */
		6427CD3D29F0164D007294EC /* Frameworks */ = {
			isa = PBXFrameworksBuildPhase;
			buildActionMask = 2147483647;
			files = (
			);
			runOnlyForDeploymentPostprocessing = 0;
		};
/* End PBXFrameworksBuildPhase section */

/* Begin PBXGroup section */
		640280BF29F6524600B5451F /* View */ = {
			isa = PBXGroup;
			children = (
				640280C029F654F600B5451F /* TabBar.swift */,
				640280C529F65C6200B5451F /* NewPublications.swift */,
				640280C329F6575500B5451F /* SearchingPage.swift */,
				6427CD4529F0164E007294EC /* UserPage.swift */,
				64AA391229FA88D400A6FE69 /* SettingsView.swift */,
				640280D429F6E8DF00B5451F /* PhotosGridView.swift */,
				640280D629F80C9100B5451F /* PhotoSlider.swift */,
				640280CA29F6714900B5451F /* ChooseCityPage.swift */,
				640280DA29F82D9100B5451F /* ChooseCreatorPage.swift */,
			);
			path = View;
			sourceTree = "<group>";
		};
		640280C729F663D600B5451F /* Model */ = {
			isa = PBXGroup;
			children = (
				640280C829F663F900B5451F /* Cities.swift */,
				640280D029F6E6E400B5451F /* Portfolio.swift */,
				640280D229F6E77300B5451F /* References.swift */,
				640280D829F8228400B5451F /* CreatorsList.swift */,
				64AA391429FABCCA00A6FE69 /* UserDefaultsKeys.swift */,
			);
			path = Model;
			sourceTree = "<group>";
		};
		6427CD3729F0164D007294EC = {
			isa = PBXGroup;
			children = (
				6427CD4229F0164E007294EC /* TFP userPage */,
				6427CD4129F0164D007294EC /* Products */,
			);
			sourceTree = "<group>";
		};
		6427CD4129F0164D007294EC /* Products */ = {
			isa = PBXGroup;
			children = (
				6427CD4029F0164D007294EC /* TFP userPage.app */,
			);
			name = Products;
			sourceTree = "<group>";
		};
		6427CD4229F0164E007294EC /* TFP userPage */ = {
			isa = PBXGroup;
			children = (
				6427CD4329F0164E007294EC /* TFP_userPageApp.swift */,
				640280C729F663D600B5451F /* Model */,
				640280BF29F6524600B5451F /* View */,
				6427CD4729F0164F007294EC /* Assets.xcassets */,
				6427CD4929F0164F007294EC /* Preview Content */,
			);
			path = "TFP userPage";
			sourceTree = "<group>";
		};
		6427CD4929F0164F007294EC /* Preview Content */ = {
			isa = PBXGroup;
			children = (
				6427CD4A29F0164F007294EC /* Preview Assets.xcassets */,
			);
			path = "Preview Content";
			sourceTree = "<group>";
		};
/* End PBXGroup section */

/* Begin PBXNativeTarget section */
		6427CD3F29F0164D007294EC /* TFP userPage */ = {
			isa = PBXNativeTarget;
			buildConfigurationList = 6427CD4E29F0164F007294EC /* Build configuration list for PBXNativeTarget "TFP userPage" */;
			buildPhases = (
				6427CD3C29F0164D007294EC /* Sources */,
				6427CD3D29F0164D007294EC /* Frameworks */,
				6427CD3E29F0164D007294EC /* Resources */,
			);
			buildRules = (
			);
			dependencies = (
			);
			name = "TFP userPage";
			productName = "TFP userPage";
			productReference = 6427CD4029F0164D007294EC /* TFP userPage.app */;
			productType = "com.apple.product-type.application";
		};
/* End PBXNativeTarget section */

/* Begin PBXProject section */
		6427CD3829F0164D007294EC /* Project object */ = {
			isa = PBXProject;
			attributes = {
				BuildIndependentTargetsInParallel = 1;
				LastSwiftUpdateCheck = 1420;
				LastUpgradeCheck = 1420;
				TargetAttributes = {
					6427CD3F29F0164D007294EC = {
						CreatedOnToolsVersion = 14.2;
					};
				};
			};
			buildConfigurationList = 6427CD3B29F0164D007294EC /* Build configuration list for PBXProject "TFP userPage" */;
			compatibilityVersion = "Xcode 14.0";
			developmentRegion = en;
			hasScannedForEncodings = 0;
			knownRegions = (
				en,
				Base,
			);
			mainGroup = 6427CD3729F0164D007294EC;
			productRefGroup = 6427CD4129F0164D007294EC /* Products */;
			projectDirPath = "";
			projectRoot = "";
			targets = (
				6427CD3F29F0164D007294EC /* TFP userPage */,
			);
		};
/* End PBXProject section */

/* Begin PBXResourcesBuildPhase section */
		6427CD3E29F0164D007294EC /* Resources */ = {
			isa = PBXResourcesBuildPhase;
			buildActionMask = 2147483647;
			files = (
				6427CD4B29F0164F007294EC /* Preview Assets.xcassets in Resources */,
				6427CD4829F0164F007294EC /* Assets.xcassets in Resources */,
			);
			runOnlyForDeploymentPostprocessing = 0;
		};
/* End PBXResourcesBuildPhase section */

/* Begin PBXSourcesBuildPhase section */
		6427CD3C29F0164D007294EC /* Sources */ = {
			isa = PBXSourcesBuildPhase;
			buildActionMask = 2147483647;
			files = (
				640280C929F663F900B5451F /* Cities.swift in Sources */,
				640280C129F654F600B5451F /* TabBar.swift in Sources */,
				6427CD4629F0164E007294EC /* UserPage.swift in Sources */,
				640280D129F6E6E400B5451F /* Portfolio.swift in Sources */,
				640280D929F8228400B5451F /* CreatorsList.swift in Sources */,
				640280D329F6E77400B5451F /* References.swift in Sources */,
				640280C629F65C6200B5451F /* NewPublications.swift in Sources */,
				64AA391529FABCCA00A6FE69 /* UserDefaultsKeys.swift in Sources */,
				64AA391329FA88D400A6FE69 /* SettingsView.swift in Sources */,
				640280D529F6E8DF00B5451F /* PhotosGridView.swift in Sources */,
				640280DB29F82D9100B5451F /* ChooseCreatorPage.swift in Sources */,
				6427CD4429F0164E007294EC /* TFP_userPageApp.swift in Sources */,
				640280D729F80C9100B5451F /* PhotoSlider.swift in Sources */,
				640280CB29F6714900B5451F /* ChooseCityPage.swift in Sources */,
				640280C429F6575500B5451F /* SearchingPage.swift in Sources */,
			);
			runOnlyForDeploymentPostprocessing = 0;
		};
/* End PBXSourcesBuildPhase section */

/* Begin XCBuildConfiguration section */
		6427CD4C29F0164F007294EC /* Debug */ = {
			isa = XCBuildConfiguration;
			buildSettings = {
				ALWAYS_SEARCH_USER_PATHS = NO;
				CLANG_ANALYZER_NONNULL = YES;
				CLANG_ANALYZER_NUMBER_OBJECT_CONVERSION = YES_AGGRESSIVE;
				CLANG_CXX_LANGUAGE_STANDARD = "gnu++20";
				CLANG_ENABLE_MODULES = YES;
				CLANG_ENABLE_OBJC_ARC = YES;
				CLANG_ENABLE_OBJC_WEAK = YES;
				CLANG_WARN_BLOCK_CAPTURE_AUTORELEASING = YES;
				CLANG_WARN_BOOL_CONVERSION = YES;
				CLANG_WARN_COMMA = YES;
				CLANG_WARN_CONSTANT_CONVERSION = YES;
				CLANG_WARN_DEPRECATED_OBJC_IMPLEMENTATIONS = YES;
				CLANG_WARN_DIRECT_OBJC_ISA_USAGE = YES_ERROR;
				CLANG_WARN_DOCUMENTATION_COMMENTS = YES;
				CLANG_WARN_EMPTY_BODY = YES;
				CLANG_WARN_ENUM_CONVERSION = YES;
				CLANG_WARN_INFINITE_RECURSION = YES;
				CLANG_WARN_INT_CONVERSION = YES;
				CLANG_WARN_NON_LITERAL_NULL_CONVERSION = YES;
				CLANG_WARN_OBJC_IMPLICIT_RETAIN_SELF = YES;
				CLANG_WARN_OBJC_LITERAL_CONVERSION = YES;
				CLANG_WARN_OBJC_ROOT_CLASS = YES_ERROR;
				CLANG_WARN_QUOTED_INCLUDE_IN_FRAMEWORK_HEADER = YES;
				CLANG_WARN_RANGE_LOOP_ANALYSIS = YES;
				CLANG_WARN_STRICT_PROTOTYPES = YES;
				CLANG_WARN_SUSPICIOUS_MOVE = YES;
				CLANG_WARN_UNGUARDED_AVAILABILITY = YES_AGGRESSIVE;
				CLANG_WARN_UNREACHABLE_CODE = YES;
				CLANG_WARN__DUPLICATE_METHOD_MATCH = YES;
				COPY_PHASE_STRIP = NO;
				DEBUG_INFORMATION_FORMAT = dwarf;
				ENABLE_STRICT_OBJC_MSGSEND = YES;
				ENABLE_TESTABILITY = YES;
				GCC_C_LANGUAGE_STANDARD = gnu11;
				GCC_DYNAMIC_NO_PIC = NO;
				GCC_NO_COMMON_BLOCKS = YES;
				GCC_OPTIMIZATION_LEVEL = 0;
				GCC_PREPROCESSOR_DEFINITIONS = (
					"DEBUG=1",
					"$(inherited)",
				);
				GCC_WARN_64_TO_32_BIT_CONVERSION = YES;
				GCC_WARN_ABOUT_RETURN_TYPE = YES_ERROR;
				GCC_WARN_UNDECLARED_SELECTOR = YES;
				GCC_WARN_UNINITIALIZED_AUTOS = YES_AGGRESSIVE;
				GCC_WARN_UNUSED_FUNCTION = YES;
				GCC_WARN_UNUSED_VARIABLE = YES;
				IPHONEOS_DEPLOYMENT_TARGET = 16.2;
				MTL_ENABLE_DEBUG_INFO = INCLUDE_SOURCE;
				MTL_FAST_MATH = YES;
				ONLY_ACTIVE_ARCH = YES;
				SDKROOT = iphoneos;
				SWIFT_ACTIVE_COMPILATION_CONDITIONS = DEBUG;
				SWIFT_OPTIMIZATION_LEVEL = "-Onone";
			};
			name = Debug;
		};
		6427CD4D29F0164F007294EC /* Release */ = {
			isa = XCBuildConfiguration;
			buildSettings = {
				ALWAYS_SEARCH_USER_PATHS = NO;
				CLANG_ANALYZER_NONNULL = YES;
				CLANG_ANALYZER_NUMBER_OBJECT_CONVERSION = YES_AGGRESSIVE;
				CLANG_CXX_LANGUAGE_STANDARD = "gnu++20";
				CLANG_ENABLE_MODULES = YES;
				CLANG_ENABLE_OBJC_ARC = YES;
				CLANG_ENABLE_OBJC_WEAK = YES;
				CLANG_WARN_BLOCK_CAPTURE_AUTORELEASING = YES;
				CLANG_WARN_BOOL_CONVERSION = YES;
				CLANG_WARN_COMMA = YES;
				CLANG_WARN_CONSTANT_CONVERSION = YES;
				CLANG_WARN_DEPRECATED_OBJC_IMPLEMENTATIONS = YES;
				CLANG_WARN_DIRECT_OBJC_ISA_USAGE = YES_ERROR;
				CLANG_WARN_DOCUMENTATION_COMMENTS = YES;
				CLANG_WARN_EMPTY_BODY = YES;
				CLANG_WARN_ENUM_CONVERSION = YES;
				CLANG_WARN_INFINITE_RECURSION = YES;
				CLANG_WARN_INT_CONVERSION = YES;
				CLANG_WARN_NON_LITERAL_NULL_CONVERSION = YES;
				CLANG_WARN_OBJC_IMPLICIT_RETAIN_SELF = YES;
				CLANG_WARN_OBJC_LITERAL_CONVERSION = YES;
				CLANG_WARN_OBJC_ROOT_CLASS = YES_ERROR;
				CLANG_WARN_QUOTED_INCLUDE_IN_FRAMEWORK_HEADER = YES;
				CLANG_WARN_RANGE_LOOP_ANALYSIS = YES;
				CLANG_WARN_STRICT_PROTOTYPES = YES;
				CLANG_WARN_SUSPICIOUS_MOVE = YES;
				CLANG_WARN_UNGUARDED_AVAILABILITY = YES_AGGRESSIVE;
				CLANG_WARN_UNREACHABLE_CODE = YES;
				CLANG_WARN__DUPLICATE_METHOD_MATCH = YES;
				COPY_PHASE_STRIP = NO;
				DEBUG_INFORMATION_FORMAT = "dwarf-with-dsym";
				ENABLE_NS_ASSERTIONS = NO;
				ENABLE_STRICT_OBJC_MSGSEND = YES;
				GCC_C_LANGUAGE_STANDARD = gnu11;
				GCC_NO_COMMON_BLOCKS = YES;
				GCC_WARN_64_TO_32_BIT_CONVERSION = YES;
				GCC_WARN_ABOUT_RETURN_TYPE = YES_ERROR;
				GCC_WARN_UNDECLARED_SELECTOR = YES;
				GCC_WARN_UNINITIALIZED_AUTOS = YES_AGGRESSIVE;
				GCC_WARN_UNUSED_FUNCTION = YES;
				GCC_WARN_UNUSED_VARIABLE = YES;
				IPHONEOS_DEPLOYMENT_TARGET = 16.2;
				MTL_ENABLE_DEBUG_INFO = NO;
				MTL_FAST_MATH = YES;
				SDKROOT = iphoneos;
				SWIFT_COMPILATION_MODE = wholemodule;
				SWIFT_OPTIMIZATION_LEVEL = "-O";
				VALIDATE_PRODUCT = YES;
			};
			name = Release;
		};
		6427CD4F29F0164F007294EC /* Debug */ = {
			isa = XCBuildConfiguration;
			buildSettings = {
				ASSETCATALOG_COMPILER_APPICON_NAME = AppIcon;
				ASSETCATALOG_COMPILER_GLOBAL_ACCENT_COLOR_NAME = AccentColor;
				CODE_SIGN_STYLE = Automatic;
				CURRENT_PROJECT_VERSION = 1;
				DEVELOPMENT_ASSET_PATHS = "\"TFP userPage/Preview Content\"";
				DEVELOPMENT_TEAM = 8PG8VQ77GK;
				ENABLE_PREVIEWS = YES;
				GENERATE_INFOPLIST_FILE = YES;
				INFOPLIST_KEY_UIApplicationSceneManifest_Generation = YES;
				INFOPLIST_KEY_UIApplicationSupportsIndirectInputEvents = YES;
				INFOPLIST_KEY_UILaunchScreen_Generation = YES;
				INFOPLIST_KEY_UISupportedInterfaceOrientations_iPad = "UIInterfaceOrientationPortrait UIInterfaceOrientationPortraitUpsideDown UIInterfaceOrientationLandscapeLeft UIInterfaceOrientationLandscapeRight";
				INFOPLIST_KEY_UISupportedInterfaceOrientations_iPhone = "UIInterfaceOrientationPortrait UIInterfaceOrientationLandscapeLeft UIInterfaceOrientationLandscapeRight";
				IPHONEOS_DEPLOYMENT_TARGET = 15.0;
				LD_RUNPATH_SEARCH_PATHS = (
					"$(inherited)",
					"@executable_path/Frameworks",
				);
				MARKETING_VERSION = 1.0;
				PRODUCT_BUNDLE_IDENTIFIER = "com.IvlevNikita.TFP-userPage";
				PRODUCT_NAME = "$(TARGET_NAME)";
				SWIFT_EMIT_LOC_STRINGS = YES;
				SWIFT_VERSION = 5.0;
				TARGETED_DEVICE_FAMILY = "1,2";
			};
			name = Debug;
		};
		6427CD5029F0164F007294EC /* Release */ = {
			isa = XCBuildConfiguration;
			buildSettings = {
				ASSETCATALOG_COMPILER_APPICON_NAME = AppIcon;
				ASSETCATALOG_COMPILER_GLOBAL_ACCENT_COLOR_NAME = AccentColor;
				CODE_SIGN_STYLE = Automatic;
				CURRENT_PROJECT_VERSION = 1;
				DEVELOPMENT_ASSET_PATHS = "\"TFP userPage/Preview Content\"";
				DEVELOPMENT_TEAM = 8PG8VQ77GK;
				ENABLE_PREVIEWS = YES;
				GENERATE_INFOPLIST_FILE = YES;
				INFOPLIST_KEY_UIApplicationSceneManifest_Generation = YES;
				INFOPLIST_KEY_UIApplicationSupportsIndirectInputEvents = YES;
				INFOPLIST_KEY_UILaunchScreen_Generation = YES;
				INFOPLIST_KEY_UISupportedInterfaceOrientations_iPad = "UIInterfaceOrientationPortrait UIInterfaceOrientationPortraitUpsideDown UIInterfaceOrientationLandscapeLeft UIInterfaceOrientationLandscapeRight";
				INFOPLIST_KEY_UISupportedInterfaceOrientations_iPhone = "UIInterfaceOrientationPortrait UIInterfaceOrientationLandscapeLeft UIInterfaceOrientationLandscapeRight";
				IPHONEOS_DEPLOYMENT_TARGET = 15.0;
				LD_RUNPATH_SEARCH_PATHS = (
					"$(inherited)",
					"@executable_path/Frameworks",
				);
				MARKETING_VERSION = 1.0;
				PRODUCT_BUNDLE_IDENTIFIER = "com.IvlevNikita.TFP-userPage";
				PRODUCT_NAME = "$(TARGET_NAME)";
				SWIFT_EMIT_LOC_STRINGS = YES;
				SWIFT_VERSION = 5.0;
				TARGETED_DEVICE_FAMILY = "1,2";
			};
			name = Release;
		};
/* End XCBuildConfiguration section */

/* Begin XCConfigurationList section */
		6427CD3B29F0164D007294EC /* Build configuration list for PBXProject "TFP userPage" */ = {
			isa = XCConfigurationList;
			buildConfigurations = (
				6427CD4C29F0164F007294EC /* Debug */,
				6427CD4D29F0164F007294EC /* Release */,
			);
			defaultConfigurationIsVisible = 0;
			defaultConfigurationName = Release;
		};
		6427CD4E29F0164F007294EC /* Build configuration list for PBXNativeTarget "TFP userPage" */ = {
			isa = XCConfigurationList;
			buildConfigurations = (
				6427CD4F29F0164F007294EC /* Debug */,
				6427CD5029F0164F007294EC /* Release */,
			);
			defaultConfigurationIsVisible = 0;
			defaultConfigurationName = Release;
		};
/* End XCConfigurationList section */
	};
	rootObject = 6427CD3829F0164D007294EC /* Project object */;
}
